
Microsoft Visual Studio Solution File, Format Version 12.00
# Visual Studio Version 17
VisualStudioVersion = 17.0.32126.317
MinimumVisualStudioVersion = 10.0.40219.1
Project("{FAE04EC0-301F-11D3-BF4B-00C04F79EFBC}") = "FoodDeliveryShop", "FoodDeliveryShop.csproj", "{9E3BC90F-24D0-44C0-8E17-829093740A82}"
EndProject
Project("{2150E333-8FDC-42A3-9474-1A3956D46DE8}") = "test", "test", "{6DB1104B-C4E5-4B5D-AED0-4E9FA045483B}"
EndProject
Project("{FAE04EC0-301F-11D3-BF4B-00C04F79EFBC}") = "FoodDeliveryShop.Tests", "..\FoodDeliveryShop.Tests\FoodDeliveryShop.Tests.csproj", "{2B77E270-9BEA-43A0-BEB6-1864D1978936}"
EndProject
Global
	GlobalSection(SolutionConfigurationPlatforms) = preSolution
		Debug|Any CPU = Debug|Any CPU
		Release|Any CPU = Release|Any CPU
	EndGlobalSection
	GlobalSection(ProjectConfigurationPlatforms) = postSolution
		{9E3BC90F-24D0-44C0-8E17-829093740A82}.Debug|Any CPU.ActiveCfg = Debug|Any CPU
		{9E3BC90F-24D0-44C0-8E17-829093740A82}.Debug|Any CPU.Build.0 = Debug|Any CPU
		{9E3BC90F-24D0-44C0-8E17-829093740A82}.Release|Any CPU.ActiveCfg = Release|Any CPU
		{9E3BC90F-24D0-44C0-8E17-829093740A82}.Release|Any CPU.Build.0 = Release|Any CPU
		{2B77E270-9BEA-43A0-BEB6-1864D1978936}.Debug|Any CPU.ActiveCfg = Debug|Any CPU
		{2B77E270-9BEA-43A0-BEB6-1864D1978936}.Debug|Any CPU.Build.0 = Debug|Any CPU
		{2B77E270-9BEA-43A0-BEB6-1864D1978936}.Release|Any CPU.ActiveCfg = Release|Any CPU
		{2B77E270-9BEA-43A0-BEB6-1864D1978936}.Release|Any CPU.Build.0 = Release|Any CPU
	EndGlobalSection
	GlobalSection(SolutionProperties) = preSolution
		HideSolutionNode = FALSE
	EndGlobalSection
	GlobalSection(NestedProjects) = preSolution
		{2B77E270-9BEA-43A0-BEB6-1864D1978936} = {6DB1104B-C4E5-4B5D-AED0-4E9FA045483B}
	EndGlobalSection
	GlobalSection(ExtensibilityGlobals) = postSolution
		SolutionGuid = {98ED00C9-F043-4179-9836-FD0F11C99C39}
	EndGlobalSection
EndGlobal
